
Microsoft Visual Studio Solution File, Format Version 12.00
# Visual Studio Version 16
VisualStudioVersion = 16.0.30804.86
MinimumVisualStudioVersion = 10.0.40219.1
Project("{FAE04EC0-301F-11D3-BF4B-00C04F79EFBC}") = "WebAppka", "WebAppka\WebAppka.csproj", "{34F351F3-C113-46E1-9545-350C5D08591E}"
EndProject
Global
	GlobalSection(SolutionConfigurationPlatforms) = preSolution
		Debug|Any CPU = Debug|Any CPU
		Release|Any CPU = Release|Any CPU
	EndGlobalSection
	GlobalSection(ProjectConfigurationPlatforms) = postSolution
		{34F351F3-C113-46E1-9545-350C5D08591E}.Debug|Any CPU.ActiveCfg = Debug|Any CPU
		{34F351F3-C113-46E1-9545-350C5D08591E}.Debug|Any CPU.Build.0 = Debug|Any CPU
		{34F351F3-C113-46E1-9545-350C5D08591E}.Release|Any CPU.ActiveCfg = Release|Any CPU
		{34F351F3-C113-46E1-9545-350C5D08591E}.Release|Any CPU.Build.0 = Release|Any CPU
	EndGlobalSection
	GlobalSection(SolutionProperties) = preSolution
		HideSolutionNode = FALSE
	EndGlobalSection
	GlobalSection(ExtensibilityGlobals) = postSolution
		SolutionGuid = {520417C5-643D-440C-81E5-96704BCF0B90}
	EndGlobalSection
EndGlobal
